
Microsoft Visual Studio Solution File, Format Version 12.00
# Visual Studio Version 17
VisualStudioVersion = 17.6.33723.286
MinimumVisualStudioVersion = 10.0.40219.1
Project("{9A19103F-16F7-4668-BE54-9A1E7A4F7556}") = "CJ_JobFair", "CJ_JobFair\CJ_JobFair.csproj", "{F624AB54-9511-4CFB-85ED-14F4C2A8D5BD}"
EndProject
Global
	GlobalSection(SolutionConfigurationPlatforms) = preSolution
		Debug|Any CPU = Debug|Any CPU
		Release|Any CPU = Release|Any CPU
	EndGlobalSection
	GlobalSection(ProjectConfigurationPlatforms) = postSolution
		{F624AB54-9511-4CFB-85ED-14F4C2A8D5BD}.Debug|Any CPU.ActiveCfg = Debug|Any CPU
		{F624AB54-9511-4CFB-85ED-14F4C2A8D5BD}.Debug|Any CPU.Build.0 = Debug|Any CPU
		{F624AB54-9511-4CFB-85ED-14F4C2A8D5BD}.Release|Any CPU.ActiveCfg = Release|Any CPU
		{F624AB54-9511-4CFB-85ED-14F4C2A8D5BD}.Release|Any CPU.Build.0 = Release|Any CPU
	EndGlobalSection
	GlobalSection(SolutionProperties) = preSolution
		HideSolutionNode = FALSE
	EndGlobalSection
	GlobalSection(ExtensibilityGlobals) = postSolution
		SolutionGuid = {8A3D8D25-2B3D-4AFD-B7AE-CF7E5F5F36E2}
	EndGlobalSection
EndGlobal
